
Microsoft Visual Studio Solution File, Format Version 12.00
# Visual Studio 15
VisualStudioVersion = 15.0.28307.572
MinimumVisualStudioVersion = 10.0.40219.1
Project("{FAE04EC0-301F-11D3-BF4B-00C04F79EFBC}") = "mobileService", "mobileService\mobileService.csproj", "{DBA3DEDB-128E-4782-846C-D2CA8EEDB299}"
EndProject
Global
	GlobalSection(SolutionConfigurationPlatforms) = preSolution
		Debug|Any CPU = Debug|Any CPU
		Debug|x64 = Debug|x64
		Release|Any CPU = Release|Any CPU
		Release|x64 = Release|x64
	EndGlobalSection
	GlobalSection(ProjectConfigurationPlatforms) = postSolution
		{DBA3DEDB-128E-4782-846C-D2CA8EEDB299}.Debug|Any CPU.ActiveCfg = Debug|Any CPU
		{DBA3DEDB-128E-4782-846C-D2CA8EEDB299}.Debug|Any CPU.Build.0 = Debug|Any CPU
		{DBA3DEDB-128E-4782-846C-D2CA8EEDB299}.Debug|x64.ActiveCfg = Debug|x64
		{DBA3DEDB-128E-4782-846C-D2CA8EEDB299}.Debug|x64.Build.0 = Debug|x64
		{DBA3DEDB-128E-4782-846C-D2CA8EEDB299}.Release|Any CPU.ActiveCfg = Release|Any CPU
		{DBA3DEDB-128E-4782-846C-D2CA8EEDB299}.Release|Any CPU.Build.0 = Release|Any CPU
		{DBA3DEDB-128E-4782-846C-D2CA8EEDB299}.Release|x64.ActiveCfg = Release|x64
		{DBA3DEDB-128E-4782-846C-D2CA8EEDB299}.Release|x64.Build.0 = Release|x64
	EndGlobalSection
	GlobalSection(SolutionProperties) = preSolution
		HideSolutionNode = FALSE
	EndGlobalSection
	GlobalSection(ExtensibilityGlobals) = postSolution
		SolutionGuid = {ABCBAAB8-53E9-46A5-B930-74A3DEC98A3C}
	EndGlobalSection
EndGlobal
